#MicroXplorer Configuration settings - do not modify
ADC1.Channel-4\#ChannelRegularConversion=ADC_CHANNEL_0
ADC1.Channel-5\#ChannelRegularConversion=ADC_CHANNEL_1
ADC1.Channel-6\#ChannelRegularConversion=ADC_CHANNEL_2
ADC1.Channel-7\#ChannelRegularConversion=ADC_CHANNEL_3
ADC1.ContinuousConvMode=ENABLE
ADC1.DiscontinuousConvMode=DISABLE
ADC1.EnableRegularConversion=ENABLE
ADC1.ExternalTrigConv=ADC_EXTERNALTRIGCONV_T19_TRGO
ADC1.IPParameters=master,ContinuousConvMode,DiscontinuousConvMode,EnableRegularConversion,Rank-4\#ChannelRegularConversion,Channel-4\#ChannelRegularConversion,SamplingTime-4\#ChannelRegularConversion,NbrOfConversionFlag,Rank-5\#ChannelRegularConversion,Channel-5\#ChannelRegularConversion,SamplingTime-5\#ChannelRegularConversion,Rank-6\#ChannelRegularConversion,Channel-6\#ChannelRegularConversion,SamplingTime-6\#ChannelRegularConversion,Rank-7\#ChannelRegularConversion,Channel-7\#ChannelRegularConversion,SamplingTime-7\#ChannelRegularConversion,NbrOfConversion,InjNumberOfConversion,ExternalTrigConv
ADC1.InjNumberOfConversion=0
ADC1.NbrOfConversion=4
ADC1.NbrOfConversionFlag=1
ADC1.Rank-4\#ChannelRegularConversion=1
ADC1.Rank-5\#ChannelRegularConversion=2
ADC1.Rank-6\#ChannelRegularConversion=3
ADC1.Rank-7\#ChannelRegularConversion=4
ADC1.SamplingTime-4\#ChannelRegularConversion=ADC_SAMPLETIME_239CYCLES_5
ADC1.SamplingTime-5\#ChannelRegularConversion=ADC_SAMPLETIME_239CYCLES_5
ADC1.SamplingTime-6\#ChannelRegularConversion=ADC_SAMPLETIME_239CYCLES_5
ADC1.SamplingTime-7\#ChannelRegularConversion=ADC_SAMPLETIME_239CYCLES_5
ADC1.master=1
Dma.ADC1.0.Direction=DMA_PERIPH_TO_MEMORY
Dma.ADC1.0.Instance=DMA1_Channel1
Dma.ADC1.0.MemDataAlignment=DMA_MDATAALIGN_HALFWORD
Dma.ADC1.0.MemInc=DMA_MINC_ENABLE
Dma.ADC1.0.Mode=DMA_CIRCULAR
Dma.ADC1.0.PeriphDataAlignment=DMA_PDATAALIGN_HALFWORD
Dma.ADC1.0.PeriphInc=DMA_PINC_DISABLE
Dma.ADC1.0.Priority=DMA_PRIORITY_LOW
Dma.ADC1.0.RequestParameters=Instance,Direction,PeriphInc,MemInc,PeriphDataAlignment,MemDataAlignment,Mode,Priority
Dma.Request0=ADC1
Dma.RequestsNb=1
File.Version=6
GPIO.groupedBy=Group By Peripherals
KeepUserPlacement=false
Mcu.Family=STM32F3
Mcu.IP0=ADC1
Mcu.IP1=DAC1
Mcu.IP10=TIM3
Mcu.IP11=TIM4
Mcu.IP12=TIM5
Mcu.IP13=TIM6
Mcu.IP14=TIM19
Mcu.IP15=USB
Mcu.IP2=DAC2
Mcu.IP3=DMA
Mcu.IP4=NVIC
Mcu.IP5=RCC
Mcu.IP6=SDADC1
Mcu.IP7=SDADC3
Mcu.IP8=SYS
Mcu.IP9=TIM2
Mcu.IPNb=16
Mcu.Name=STM32F373C(8-B-C)Tx
Mcu.Package=LQFP48
Mcu.Pin0=PC13
Mcu.Pin1=PC14-OSC32_IN
Mcu.Pin10=PA5
Mcu.Pin11=PA6
Mcu.Pin12=PB0
Mcu.Pin13=PB1
Mcu.Pin14=PB2
Mcu.Pin15=PE8
Mcu.Pin16=PE9
Mcu.Pin17=PB14
Mcu.Pin18=PB15
Mcu.Pin19=PD8
Mcu.Pin2=PC15-OSC32_OUT
Mcu.Pin20=PA8
Mcu.Pin21=PA9
Mcu.Pin22=PA10
Mcu.Pin23=PA11
Mcu.Pin24=PA12
Mcu.Pin25=PA13
Mcu.Pin26=PF6
Mcu.Pin27=PF7
Mcu.Pin28=PA14
Mcu.Pin29=PA15
Mcu.Pin3=PF0-OSC_IN
Mcu.Pin30=PB3
Mcu.Pin31=PB4
Mcu.Pin32=PB5
Mcu.Pin33=PB6
Mcu.Pin34=PB7
Mcu.Pin35=PB8
Mcu.Pin36=PB9
Mcu.Pin37=VP_SDADC1_CONF0
Mcu.Pin38=VP_SDADC1_CONF1
Mcu.Pin39=VP_SDADC3_CONF0
Mcu.Pin4=PF1-OSC_OUT
Mcu.Pin40=VP_SDADC3_CONF1
Mcu.Pin41=VP_SYS_VS_Systick
Mcu.Pin42=VP_TIM2_VS_ClockSourceINT
Mcu.Pin43=VP_TIM4_VS_ClockSourceINT
Mcu.Pin44=VP_TIM5_VS_ClockSourceINT
Mcu.Pin45=VP_TIM6_VS_ClockSourceINT
Mcu.Pin46=VP_TIM19_VS_ClockSourceINT
Mcu.Pin5=PA0
Mcu.Pin6=PA1
Mcu.Pin7=PA2
Mcu.Pin8=PA3
Mcu.Pin9=PA4
Mcu.PinsNb=47
Mcu.ThirdPartyNb=0
Mcu.UserConstants=
Mcu.UserName=STM32F373CCTx
MxCube.Version=6.3.0
MxDb.Version=DB.6.0.30
NVIC.BusFault_IRQn=true\:0\:0\:false\:false\:true\:false\:false
NVIC.DMA1_Channel1_IRQn=true\:0\:0\:false\:false\:true\:false\:true
NVIC.DebugMonitor_IRQn=true\:0\:0\:false\:false\:true\:false\:false
NVIC.ForceEnableDMAVector=true
NVIC.HardFault_IRQn=true\:0\:0\:false\:false\:true\:false\:false
NVIC.MemoryManagement_IRQn=true\:0\:0\:false\:false\:true\:false\:false
NVIC.NonMaskableInt_IRQn=true\:0\:0\:false\:false\:true\:false\:false
NVIC.PendSV_IRQn=true\:0\:0\:false\:false\:true\:false\:false
NVIC.PriorityGroup=NVIC_PRIORITYGROUP_4
NVIC.SDADC1_IRQn=true\:0\:0\:false\:false\:true\:true\:true
NVIC.SDADC3_IRQn=true\:0\:0\:false\:false\:true\:true\:true
NVIC.SVCall_IRQn=true\:0\:0\:false\:false\:true\:false\:false
NVIC.SysTick_IRQn=true\:0\:0\:false\:false\:true\:false\:true
NVIC.UsageFault_IRQn=true\:0\:0\:false\:false\:true\:false\:false
PA0.Mode=IN0
PA0.Signal=ADC1_IN0
PA1.Mode=IN1
PA1.Signal=ADC1_IN1
PA10.GPIOParameters=GPIO_Label
PA10.GPIO_Label=PWM 1
PA10.Signal=S_TIM2_CH4
PA11.Mode=Device
PA11.Signal=USB_DM
PA12.Mode=Device
PA12.Signal=USB_DP
PA13.Mode=Trace_Asynchronous_SW
PA13.Signal=SYS_JTMS-SWDIO
PA14.Mode=Trace_Asynchronous_SW
PA14.Signal=SYS_JTCK-SWCLK
PA15.GPIOParameters=GPIO_Label
PA15.GPIO_Label=PWM 3
PA15.Signal=S_TIM2_CH1_ETR
PA2.Mode=IN2
PA2.Signal=ADC1_IN2
PA3.Mode=IN3
PA3.Signal=ADC1_IN3
PA4.GPIOParameters=GPIO_Label
PA4.GPIO_Label=DAC 2
PA4.Signal=COMP_DAC11_group
PA5.GPIOParameters=GPIO_Label
PA5.GPIO_Label=DAC 1
PA5.Signal=COMP_DAC12_group
PA6.GPIOParameters=GPIO_Label
PA6.GPIO_Label=DAC 0
PA6.Signal=COMP_DAC21_group
PA8.GPIOParameters=GPIO_Label
PA8.GPIO_Label=FREQUENCY 2
PA8.Signal=S_TIM5_CH1_ETR
PA9.GPIOParameters=GPIO_Label
PA9.GPIO_Label=PWM 0
PA9.Signal=S_TIM2_CH3
PB0.GPIOParameters=GPIO_Label
PB0.GPIO_Label=SDA0_M
PB0.Mode=IN6-Differential
PB0.Signal=SDADC1_AIN6P
PB1.GPIOParameters=GPIO_Label
PB1.GPIO_Label=SDA0_P
PB1.Mode=IN6-Differential
PB1.Signal=SDADC1_AIN6M
PB14.GPIOParameters=GPIO_Label
PB14.GPIO_Label=SDADC 1
PB14.Mode=IN8-Single-Ended zero reference
PB14.Signal=SDADC3_AIN8P
PB15.GPIOParameters=GPIO_Label
PB15.GPIO_Label=SDADC 2
PB15.Mode=IN7-Single-Ended zero reference
PB15.Signal=SDADC3_AIN7P
PB2.GPIOParameters=GPIO_Label
PB2.GPIO_Label=SDADC 0
PB2.Mode=IN4-Single-Ended zero reference
PB2.Signal=SDADC1_AIN4P
PB3.Mode=Trace_Asynchronous_SW
PB3.Signal=SYS_JTDO-TRACESWO
PB4.GPIOParameters=GPIO_Label
PB4.GPIO_Label=E-
PB4.Signal=S_TIM3_CH1
PB5.GPIOParameters=GPIO_Label
PB5.GPIO_Label=E+
PB5.Signal=S_TIM3_CH2
PB6.GPIOParameters=GPIO_Label
PB6.GPIO_Label=PWM 4
PB6.Signal=S_TIM4_CH1
PB7.GPIOParameters=GPIO_Label
PB7.GPIO_Label=PWM 5
PB7.Signal=S_TIM4_CH2
PB8.GPIOParameters=GPIO_Label
PB8.GPIO_Label=FREQUENCY 1
PB8.Signal=S_TIM19_CH3
PB9.GPIOParameters=GPIO_Label
PB9.GPIO_Label=FREQUENCY 0
PB9.Signal=S_TIM19_CH4
PC13.GPIOParameters=GPIO_PuPd,GPIO_Label
PC13.GPIO_Label=INPUT 1
PC13.GPIO_PuPd=GPIO_PULLDOWN
PC13.Locked=true
PC13.Signal=GPIO_Input
PC14-OSC32_IN.GPIOParameters=GPIO_PuPd,GPIO_Label
PC14-OSC32_IN.GPIO_Label=INPUT 2
PC14-OSC32_IN.GPIO_PuPd=GPIO_PULLDOWN
PC14-OSC32_IN.Locked=true
PC14-OSC32_IN.Signal=GPIO_Input
PC15-OSC32_OUT.GPIOParameters=GPIO_PuPd,GPIO_Label
PC15-OSC32_OUT.GPIO_Label=INPUT 3
PC15-OSC32_OUT.GPIO_PuPd=GPIO_PULLDOWN
PC15-OSC32_OUT.Locked=true
PC15-OSC32_OUT.Signal=GPIO_Input
PD8.GPIOParameters=GPIO_Label
PD8.GPIO_Label=SDADC 3
PD8.Mode=IN6-Single-Ended zero reference
PD8.Signal=SDADC3_AIN6P
PE8.GPIOParameters=GPIO_Label
PE8.GPIO_Label=SDA1_P
PE8.Mode=IN8-Differential
PE8.Signal=SDADC1_AIN8P
PE9.GPIOParameters=GPIO_Label
PE9.GPIO_Label=SDA1_M
PE9.Mode=IN8-Differential
PE9.Signal=SDADC1_AIN8M
PF0-OSC_IN.Mode=HSE-External-Oscillator
PF0-OSC_IN.Signal=RCC_OSC_IN
PF1-OSC_OUT.Mode=HSE-External-Oscillator
PF1-OSC_OUT.Signal=RCC_OSC_OUT
PF6.GPIOParameters=GPIO_Label
PF6.GPIO_Label=PWM 2
PF6.Signal=S_TIM4_CH4
PF7.GPIOParameters=GPIO_PuPd,GPIO_Label
PF7.GPIO_Label=INPUT 0
PF7.GPIO_PuPd=GPIO_PULLDOWN
PF7.Locked=true
PF7.Signal=GPIO_Input
PinOutPanel.RotationAngle=0
ProjectManager.AskForMigrate=true
ProjectManager.BackupPrevious=false
ProjectManager.CompilerOptimize=6
ProjectManager.ComputerToolchain=false
ProjectManager.CoupleFile=false
ProjectManager.CustomerFirmwarePackage=
ProjectManager.DefaultFWLocation=true
ProjectManager.DeletePrevious=true
ProjectManager.DeviceId=STM32F373CCTx
ProjectManager.FirmwarePackage=STM32Cube FW_F3 V1.11.3
ProjectManager.FreePins=false
ProjectManager.HalAssertFull=false
ProjectManager.HeapSize=0x200
ProjectManager.KeepUserCode=true
ProjectManager.LastFirmware=true
ProjectManager.LibraryCopy=1
ProjectManager.MainLocation=Core/Src
ProjectManager.NoMain=false
ProjectManager.PreviousToolchain=STM32CubeIDE
ProjectManager.ProjectBuild=false
ProjectManager.ProjectFileName=DAC ADC PWM IO.ioc
ProjectManager.ProjectName=DAC ADC PWM IO
ProjectManager.RegisterCallBack=
ProjectManager.StackSize=0x400
ProjectManager.TargetToolchain=STM32CubeIDE
ProjectManager.ToolChainLocation=
ProjectManager.UnderRoot=true
ProjectManager.functionlistsort=1-MX_GPIO_Init-GPIO-false-HAL-true,2-MX_DMA_Init-DMA-false-HAL-true,3-SystemClock_Config-RCC-false-HAL-false,4-MX_ADC1_Init-ADC1-false-HAL-true,5-MX_DAC1_Init-DAC1-false-HAL-true,6-MX_DAC2_Init-DAC2-false-HAL-true,7-MX_SDADC1_Init-SDADC1-false-HAL-true,8-MX_SDADC3_Init-SDADC3-false-HAL-true,9-MX_TIM2_Init-TIM2-false-HAL-true,10-MX_TIM3_Init-TIM3-false-HAL-true,11-MX_TIM4_Init-TIM4-false-HAL-true,12-MX_TIM5_Init-TIM5-false-HAL-true,13-MX_TIM19_Init-TIM19-false-HAL-true,14-MX_TIM6_Init-TIM6-false-HAL-true,15-MX_USB_PCD_Init-USB-false-HAL-true
RCC.ADCoutputFreq_Value=8000000
RCC.AHBFreq_Value=16000000
RCC.APB1Freq_Value=16000000
RCC.APB1TimFreq_Value=16000000
RCC.APB2Freq_Value=16000000
RCC.APB2TimFreq_Value=16000000
RCC.CECFreq_Value=32786.88524590164
RCC.CortexFreq_Value=16000000
RCC.FCLKCortexFreq_Value=16000000
RCC.FamilyName=M
RCC.HCLKFreq_Value=16000000
RCC.HSEPLLFreq_Value=16000000
RCC.HSE_VALUE=16000000
RCC.HSICECFreq_Value=32786.88524590164
RCC.HSIPLLFreq_Value=4000000
RCC.HSI_VALUE=8000000
RCC.I2C1Freq_Value=8000000
RCC.I2CFreq_Value=8000000
RCC.IPParameters=ADCoutputFreq_Value,AHBFreq_Value,APB1Freq_Value,APB1TimFreq_Value,APB2Freq_Value,APB2TimFreq_Value,CECFreq_Value,CortexFreq_Value,FCLKCortexFreq_Value,FamilyName,HCLKFreq_Value,HSEPLLFreq_Value,HSE_VALUE,HSICECFreq_Value,HSIPLLFreq_Value,HSI_VALUE,I2C1Freq_Value,I2CFreq_Value,LSE_VALUE,LSI_VALUE,MCOFreq_Value,PLLCLKFreq_Value,PLLMCOFreq_Value,PLLMUL,PWRFreq_Value,RTCFreq_Value,RTCHSEDivFreq_Value,SDADCPresc,SDADCoutputFreq_Value,SYSCLKFreq_VALUE,SYSCLKSource,TIM2Freq_Value,USART1Freq_Value,USART2Freq_Value,USART3Freq_Value,USBFreq_Value,VCOOutput2Freq_Value
RCC.LSE_VALUE=32768
RCC.LSI_VALUE=40000
RCC.MCOFreq_Value=16000000
RCC.PLLCLKFreq_Value=48000000
RCC.PLLMCOFreq_Value=24000000
RCC.PLLMUL=RCC_PLL_MUL3
RCC.PWRFreq_Value=16000000
RCC.RTCFreq_Value=40000
RCC.RTCHSEDivFreq_Value=500000
RCC.SDADCPresc=RCC_SDADCSYSCLK_DIV4
RCC.SDADCoutputFreq_Value=4000000
RCC.SYSCLKFreq_VALUE=16000000
RCC.SYSCLKSource=RCC_SYSCLKSOURCE_HSE
RCC.TIM2Freq_Value=16000000
RCC.USART1Freq_Value=16000000
RCC.USART2Freq_Value=16000000
RCC.USART3Freq_Value=16000000
RCC.USBFreq_Value=48000000
RCC.VCOOutput2Freq_Value=16000000
SDADC1.EnableInjectedConversion=ENABLE
SDADC1.EnableRegularconversion=DISABLE
SDADC1.IPParameters=NbrOfConversionFlag,InputMode0,EnableRegularconversion,EnableInjectedConversion,InjectedContinuousMode,InjDelay,ReferenceVoltage,InjectedRank-9\#ChannelInjectedConversion,InjectedChannel-9\#ChannelInjectedConversion,InjectedConfIndex-9\#ChannelInjectedConversion,InjNumberOfConversion,InjectedChannelsSelection,InjectedRank-10\#ChannelInjectedConversion,InjectedChannel-10\#ChannelInjectedConversion,InjectedConfIndex-10\#ChannelInjectedConversion,InjectedRank-11\#ChannelInjectedConversion,InjectedChannel-11\#ChannelInjectedConversion,InjectedConfIndex-11\#ChannelInjectedConversion,InjectedTrigger,Offset0
SDADC1.InjDelay=Enable
SDADC1.InjNumberOfConversion=3
SDADC1.InjectedChannel-10\#ChannelInjectedConversion=SDADC_CHANNEL_8
SDADC1.InjectedChannel-11\#ChannelInjectedConversion=SDADC_CHANNEL_6
SDADC1.InjectedChannel-9\#ChannelInjectedConversion=SDADC_CHANNEL_4
SDADC1.InjectedChannelsSelection=SDADC_CHANNEL_4|SDADC_CHANNEL_8|SDADC_CHANNEL_6
SDADC1.InjectedConfIndex-10\#ChannelInjectedConversion=SDADC_CONF_INDEX_1
SDADC1.InjectedConfIndex-11\#ChannelInjectedConversion=SDADC_CONF_INDEX_1
SDADC1.InjectedConfIndex-9\#ChannelInjectedConversion=SDADC_CONF_INDEX_0
SDADC1.InjectedContinuousMode=SDADC_CONTINUOUS_CONV_ON
SDADC1.InjectedRank-10\#ChannelInjectedConversion=2
SDADC1.InjectedRank-11\#ChannelInjectedConversion=3
SDADC1.InjectedRank-9\#ChannelInjectedConversion=1
SDADC1.InjectedTrigger=SDADC_SOFTWARE_TRIGGER
SDADC1.InputMode0=SDADC_INPUT_MODE_SE_ZERO_REFERENCE
SDADC1.NbrOfConversionFlag=1
SDADC1.Offset0=0
SDADC1.ReferenceVoltage=SDADC_VREF_VDDA
SDADC3.EnableInjectedConversion=ENABLE
SDADC3.EnableRegularconversion=DISABLE
SDADC3.FastConversionMode=SDADC_FAST_CONV_DISABLE
SDADC3.Gain0=SDADC_GAIN_1
SDADC3.IPParameters=NbrOfConversionFlag,ReferenceVoltage,EnableRegularconversion,InputMode0,EnableInjectedConversion,InjectedContinuousMode,Gain0,FastConversionMode,InjDelay,InjectedRank-6\#ChannelInjectedConversion,InjectedChannel-6\#ChannelInjectedConversion,InjectedConfIndex-6\#ChannelInjectedConversion,InjNumberOfConversion,InjectedRank-7\#ChannelInjectedConversion,InjectedChannel-7\#ChannelInjectedConversion,InjectedConfIndex-7\#ChannelInjectedConversion,InjectedChannelsSelection
SDADC3.InjDelay=Enable
SDADC3.InjNumberOfConversion=2
SDADC3.InjectedChannel-6\#ChannelInjectedConversion=SDADC_CHANNEL_6
SDADC3.InjectedChannel-7\#ChannelInjectedConversion=SDADC_CHANNEL_8
SDADC3.InjectedChannelsSelection=SDADC_CHANNEL_6|SDADC_CHANNEL_8
SDADC3.InjectedConfIndex-6\#ChannelInjectedConversion=SDADC_CONF_INDEX_0
SDADC3.InjectedConfIndex-7\#ChannelInjectedConversion=SDADC_CONF_INDEX_0
SDADC3.InjectedContinuousMode=SDADC_CONTINUOUS_CONV_ON
SDADC3.InjectedRank-6\#ChannelInjectedConversion=1
SDADC3.InjectedRank-7\#ChannelInjectedConversion=2
SDADC3.InputMode0=SDADC_INPUT_MODE_SE_ZERO_REFERENCE
SDADC3.NbrOfConversionFlag=1
SDADC3.ReferenceVoltage=SDADC_VREF_VDDA
SH.COMP_DAC11_group.0=DAC1_OUT1,DAC_OUT1
SH.COMP_DAC11_group.ConfNb=1
SH.COMP_DAC12_group.0=DAC1_OUT2,Enable_DAC_OUT2
SH.COMP_DAC12_group.ConfNb=1
SH.COMP_DAC21_group.0=DAC2_OUT1,DAC_OUT1
SH.COMP_DAC21_group.ConfNb=1
SH.S_TIM19_CH3.0=TIM19_CH3,Input_Capture3_from_TI3
SH.S_TIM19_CH3.ConfNb=1
SH.S_TIM19_CH4.0=TIM19_CH4,Input_Capture4_from_TI4
SH.S_TIM19_CH4.ConfNb=1
SH.S_TIM2_CH1_ETR.0=TIM2_CH1,PWM Generation1 CH1
SH.S_TIM2_CH1_ETR.ConfNb=1
SH.S_TIM2_CH3.0=TIM2_CH3,PWM Generation3 CH3
SH.S_TIM2_CH3.ConfNb=1
SH.S_TIM2_CH4.0=TIM2_CH4,PWM Generation4 CH4
SH.S_TIM2_CH4.ConfNb=1
SH.S_TIM3_CH1.0=TIM3_CH1,Encoder_Interface
SH.S_TIM3_CH1.ConfNb=1
SH.S_TIM3_CH2.0=TIM3_CH2,Encoder_Interface
SH.S_TIM3_CH2.ConfNb=1
SH.S_TIM4_CH1.0=TIM4_CH1,PWM Generation1 CH1
SH.S_TIM4_CH1.ConfNb=1
SH.S_TIM4_CH2.0=TIM4_CH2,PWM Generation2 CH2
SH.S_TIM4_CH2.ConfNb=1
SH.S_TIM4_CH4.0=TIM4_CH4,PWM Generation4 CH4
SH.S_TIM4_CH4.ConfNb=1
SH.S_TIM5_CH1_ETR.0=TIM5_CH1,Input_Capture1_from_TI1
SH.S_TIM5_CH1_ETR.ConfNb=1
TIM19.Channel-Input_Capture3_from_TI3=TIM_CHANNEL_3
TIM19.Channel-Input_Capture4_from_TI4=TIM_CHANNEL_4
TIM19.IPParameters=TIM_MasterOutputTrigger,Channel-Input_Capture3_from_TI3,Channel-Input_Capture4_from_TI4
TIM19.TIM_MasterOutputTrigger=TIM_TRGO_UPDATE
TIM2.Channel-PWM\ Generation1\ CH1=TIM_CHANNEL_1
TIM2.Channel-PWM\ Generation3\ CH3=TIM_CHANNEL_3
TIM2.Channel-PWM\ Generation4\ CH4=TIM_CHANNEL_4
TIM2.IPParameters=Period,Prescaler,Channel-PWM Generation1 CH1,Channel-PWM Generation4 CH4,Channel-PWM Generation3 CH3
TIM2.Period=4095
TIM2.Prescaler=0
TIM4.Channel-PWM\ Generation1\ CH1=TIM_CHANNEL_1
TIM4.Channel-PWM\ Generation2\ CH2=TIM_CHANNEL_2
TIM4.Channel-PWM\ Generation4\ CH4=TIM_CHANNEL_4
TIM4.IPParameters=Channel-PWM Generation4 CH4,Channel-PWM Generation1 CH1,Channel-PWM Generation2 CH2,Period,Prescaler
TIM4.Period=4095
TIM4.Prescaler=0
TIM5.Channel-Input_Capture1_from_TI1=TIM_CHANNEL_1
TIM5.IPParameters=Period,Prescaler,Channel-Input_Capture1_from_TI1
TIM5.Period=4095
TIM5.Prescaler=0
TIM6.IPParameters=TIM_MasterOutputTrigger,Period,Prescaler
TIM6.Period=65535
TIM6.Prescaler=0
TIM6.TIM_MasterOutputTrigger=TIM_TRGO_UPDATE
VP_SDADC1_CONF0.Mode=ConfigZero
VP_SDADC1_CONF0.Signal=SDADC1_CONF0
VP_SDADC1_CONF1.Mode=ConfigUn
VP_SDADC1_CONF1.Signal=SDADC1_CONF1
VP_SDADC3_CONF0.Mode=ConfigZero
VP_SDADC3_CONF0.Signal=SDADC3_CONF0
VP_SDADC3_CONF1.Mode=ConfigUn
VP_SDADC3_CONF1.Signal=SDADC3_CONF1
VP_SYS_VS_Systick.Mode=SysTick
VP_SYS_VS_Systick.Signal=SYS_VS_Systick
VP_TIM19_VS_ClockSourceINT.Mode=Internal
VP_TIM19_VS_ClockSourceINT.Signal=TIM19_VS_ClockSourceINT
VP_TIM2_VS_ClockSourceINT.Mode=Internal
VP_TIM2_VS_ClockSourceINT.Signal=TIM2_VS_ClockSourceINT
VP_TIM4_VS_ClockSourceINT.Mode=Internal
VP_TIM4_VS_ClockSourceINT.Signal=TIM4_VS_ClockSourceINT
VP_TIM5_VS_ClockSourceINT.Mode=Internal
VP_TIM5_VS_ClockSourceINT.Signal=TIM5_VS_ClockSourceINT
VP_TIM6_VS_ClockSourceINT.Mode=Enable_Timer
VP_TIM6_VS_ClockSourceINT.Signal=TIM6_VS_ClockSourceINT
board=custom
isbadioc=false
